
Microsoft Visual Studio Solution File, Format Version 12.00
# Visual Studio Version 17
VisualStudioVersion = 17.7.34024.191
MinimumVisualStudioVersion = 10.0.40219.1
Project("{FAE04EC0-301F-11D3-BF4B-00C04F79EFBC}") = "API", "API\API.csproj", "{579E7838-BBA3-4057-9526-A00DF86865C3}"
EndProject
Global
	GlobalSection(SolutionConfigurationPlatforms) = preSolution
		Debug|Any CPU = Debug|Any CPU
		Release|Any CPU = Release|Any CPU
	EndGlobalSection
	GlobalSection(ProjectConfigurationPlatforms) = postSolution
		{579E7838-BBA3-4057-9526-A00DF86865C3}.Debug|Any CPU.ActiveCfg = Debug|Any CPU
		{579E7838-BBA3-4057-9526-A00DF86865C3}.Debug|Any CPU.Build.0 = Debug|Any CPU
		{579E7838-BBA3-4057-9526-A00DF86865C3}.Release|Any CPU.ActiveCfg = Release|Any CPU
		{579E7838-BBA3-4057-9526-A00DF86865C3}.Release|Any CPU.Build.0 = Release|Any CPU
	EndGlobalSection
	GlobalSection(SolutionProperties) = preSolution
		HideSolutionNode = FALSE
	EndGlobalSection
	GlobalSection(ExtensibilityGlobals) = postSolution
		SolutionGuid = {573010C0-C2F8-4F52-9176-C5C01DE91D6C}
	EndGlobalSection
EndGlobal
